
Microsoft Visual Studio Solution File, Format Version 12.00
# Visual Studio Version 17
VisualStudioVersion = 17.11.35312.102
MinimumVisualStudioVersion = 10.0.40219.1
Project("{FAE04EC0-301F-11D3-BF4B-00C04F79EFBC}") = "MauiApp3", "MauiApp3\MauiApp3.csproj", "{140E35FF-9E00-4FE6-9E06-ED4BFEFE29AB}"
EndProject
Global
	GlobalSection(SolutionConfigurationPlatforms) = preSolution
		Debug|Any CPU = Debug|Any CPU
		Debug|ARM64 = Debug|ARM64
		Debug|x64 = Debug|x64
		Release|Any CPU = Release|Any CPU
		Release|ARM64 = Release|ARM64
		Release|x64 = Release|x64
	EndGlobalSection
	GlobalSection(ProjectConfigurationPlatforms) = postSolution
		{140E35FF-9E00-4FE6-9E06-ED4BFEFE29AB}.Debug|Any CPU.ActiveCfg = Debug|Any CPU
		{140E35FF-9E00-4FE6-9E06-ED4BFEFE29AB}.Debug|Any CPU.Build.0 = Debug|Any CPU
		{140E35FF-9E00-4FE6-9E06-ED4BFEFE29AB}.Debug|Any CPU.Deploy.0 = Debug|Any CPU
		{140E35FF-9E00-4FE6-9E06-ED4BFEFE29AB}.Debug|ARM64.ActiveCfg = Debug|Any CPU
		{140E35FF-9E00-4FE6-9E06-ED4BFEFE29AB}.Debug|ARM64.Build.0 = Debug|Any CPU
		{140E35FF-9E00-4FE6-9E06-ED4BFEFE29AB}.Debug|ARM64.Deploy.0 = Debug|Any CPU
		{140E35FF-9E00-4FE6-9E06-ED4BFEFE29AB}.Debug|x64.ActiveCfg = Debug|Any CPU
		{140E35FF-9E00-4FE6-9E06-ED4BFEFE29AB}.Debug|x64.Build.0 = Debug|Any CPU
		{140E35FF-9E00-4FE6-9E06-ED4BFEFE29AB}.Debug|x64.Deploy.0 = Debug|Any CPU
		{140E35FF-9E00-4FE6-9E06-ED4BFEFE29AB}.Release|Any CPU.ActiveCfg = Release|Any CPU
		{140E35FF-9E00-4FE6-9E06-ED4BFEFE29AB}.Release|Any CPU.Build.0 = Release|Any CPU
		{140E35FF-9E00-4FE6-9E06-ED4BFEFE29AB}.Release|Any CPU.Deploy.0 = Release|Any CPU
		{140E35FF-9E00-4FE6-9E06-ED4BFEFE29AB}.Release|ARM64.ActiveCfg = Release|Any CPU
		{140E35FF-9E00-4FE6-9E06-ED4BFEFE29AB}.Release|ARM64.Build.0 = Release|Any CPU
		{140E35FF-9E00-4FE6-9E06-ED4BFEFE29AB}.Release|ARM64.Deploy.0 = Release|Any CPU
		{140E35FF-9E00-4FE6-9E06-ED4BFEFE29AB}.Release|x64.ActiveCfg = Release|Any CPU
		{140E35FF-9E00-4FE6-9E06-ED4BFEFE29AB}.Release|x64.Build.0 = Release|Any CPU
		{140E35FF-9E00-4FE6-9E06-ED4BFEFE29AB}.Release|x64.Deploy.0 = Release|Any CPU
	EndGlobalSection
	GlobalSection(SolutionProperties) = preSolution
		HideSolutionNode = FALSE
	EndGlobalSection
	GlobalSection(ExtensibilityGlobals) = postSolution
		SolutionGuid = {A52711FF-2042-4269-98A9-F7D08D9152D4}
	EndGlobalSection
EndGlobal
